
Microsoft Visual Studio Solution File, Format Version 12.00
# Visual Studio 15
VisualStudioVersion = 15.0.27130.2036
MinimumVisualStudioVersion = 10.0.40219.1
Project("{FAE04EC0-301F-11D3-BF4B-00C04F79EFBC}") = "Khooversoft.Toolbox", "Khooversoft.Toolbox\Khooversoft.Toolbox.csproj", "{7C91AE08-D47E-467B-92B1-8DD5C85CCD8D}"
EndProject
Project("{2150E333-8FDC-42A3-9474-1A3956D46DE8}") = "Tests", "Tests", "{2098937C-CCEE-4DC5-A571-427B48DDBA26}"
EndProject
Project("{FAE04EC0-301F-11D3-BF4B-00C04F79EFBC}") = "Khooversoft.Net", "Khooversoft.Net\Khooversoft.Net.csproj", "{4C580B5F-01B2-499F-B800-64EBAA878AC0}"
EndProject
Project("{FAE04EC0-301F-11D3-BF4B-00C04F79EFBC}") = "Khooversoft.Observers", "Khooversoft.Observers\Khooversoft.Observers.csproj", "{D2430893-D8FD-49AC-9332-EABFB2459521}"
EndProject
Project("{FAE04EC0-301F-11D3-BF4B-00C04F79EFBC}") = "Khooversoft.EventFlow", "Khooversoft.EventFlow\Khooversoft.EventFlow.csproj", "{36A4183F-5703-453F-AEF4-BF0D393E40EF}"
EndProject
Project("{FAE04EC0-301F-11D3-BF4B-00C04F79EFBC}") = "Khooversoft.Toolbox.Test", "..\Test\Khooversoft.Toolbox.Test\Khooversoft.Toolbox.Test.csproj", "{DD8642C3-9D61-473C-9F75-2C0842EFA783}"
EndProject
Project("{FAE04EC0-301F-11D3-BF4B-00C04F79EFBC}") = "Khooversoft.AspMvc", "Khooversoft.AspMvc\Khooversoft.AspMvc.csproj", "{C2087D8C-3A08-4908-B311-49CD2F38F19E}"
EndProject
Project("{FAE04EC0-301F-11D3-BF4B-00C04F79EFBC}") = "Khooversoft.MongoDb", "Khooversoft.MongoDb\Khooversoft.MongoDb.csproj", "{8F84599E-3A9D-4691-9DB7-710173D6D2B3}"
EndProject
Project("{FAE04EC0-301F-11D3-BF4B-00C04F79EFBC}") = "Khooversoft.MongoDb.Test", "..\Test\Khooversoft.MongoDb.Test\Khooversoft.MongoDb.Test.csproj", "{C899F733-F0E5-4B77-816B-05429E249E5A}"
EndProject
Project("{FAE04EC0-301F-11D3-BF4B-00C04F79EFBC}") = "Khooversoft.Telemetry", "Khooversoft.Telemetry\Khooversoft.Telemetry.csproj", "{76905398-319B-4CF4-8023-7BF44BD3593B}"
EndProject
Project("{FAE04EC0-301F-11D3-BF4B-00C04F79EFBC}") = "Khooversoft.Telemetry.Test", "..\Test\Khooversoft.Telemetry.Test\Khooversoft.Telemetry.Test.csproj", "{747C5F26-4719-41B7-8E77-FC327CF39134}"
EndProject
Project("{FAE04EC0-301F-11D3-BF4B-00C04F79EFBC}") = "Khooversoft.Toolbox.Core", "Khooversoft.Toolbox.Core\Khooversoft.Toolbox.Core.csproj", "{6EF24D5A-428B-4C18-B4AE-E0C661B227EC}"
EndProject
Global
	GlobalSection(SolutionConfigurationPlatforms) = preSolution
		Debug|Any CPU = Debug|Any CPU
		Release|Any CPU = Release|Any CPU
	EndGlobalSection
	GlobalSection(ProjectConfigurationPlatforms) = postSolution
		{7C91AE08-D47E-467B-92B1-8DD5C85CCD8D}.Debug|Any CPU.ActiveCfg = Debug|Any CPU
		{7C91AE08-D47E-467B-92B1-8DD5C85CCD8D}.Debug|Any CPU.Build.0 = Debug|Any CPU
		{7C91AE08-D47E-467B-92B1-8DD5C85CCD8D}.Release|Any CPU.ActiveCfg = Release|Any CPU
		{7C91AE08-D47E-467B-92B1-8DD5C85CCD8D}.Release|Any CPU.Build.0 = Release|Any CPU
		{4C580B5F-01B2-499F-B800-64EBAA878AC0}.Debug|Any CPU.ActiveCfg = Debug|Any CPU
		{4C580B5F-01B2-499F-B800-64EBAA878AC0}.Debug|Any CPU.Build.0 = Debug|Any CPU
		{4C580B5F-01B2-499F-B800-64EBAA878AC0}.Release|Any CPU.ActiveCfg = Release|Any CPU
		{4C580B5F-01B2-499F-B800-64EBAA878AC0}.Release|Any CPU.Build.0 = Release|Any CPU
		{D2430893-D8FD-49AC-9332-EABFB2459521}.Debug|Any CPU.ActiveCfg = Debug|Any CPU
		{D2430893-D8FD-49AC-9332-EABFB2459521}.Debug|Any CPU.Build.0 = Debug|Any CPU
		{D2430893-D8FD-49AC-9332-EABFB2459521}.Release|Any CPU.ActiveCfg = Release|Any CPU
		{D2430893-D8FD-49AC-9332-EABFB2459521}.Release|Any CPU.Build.0 = Release|Any CPU
		{36A4183F-5703-453F-AEF4-BF0D393E40EF}.Debug|Any CPU.ActiveCfg = Debug|Any CPU
		{36A4183F-5703-453F-AEF4-BF0D393E40EF}.Debug|Any CPU.Build.0 = Debug|Any CPU
		{36A4183F-5703-453F-AEF4-BF0D393E40EF}.Release|Any CPU.ActiveCfg = Release|Any CPU
		{36A4183F-5703-453F-AEF4-BF0D393E40EF}.Release|Any CPU.Build.0 = Release|Any CPU
		{DD8642C3-9D61-473C-9F75-2C0842EFA783}.Debug|Any CPU.ActiveCfg = Debug|Any CPU
		{DD8642C3-9D61-473C-9F75-2C0842EFA783}.Debug|Any CPU.Build.0 = Debug|Any CPU
		{DD8642C3-9D61-473C-9F75-2C0842EFA783}.Release|Any CPU.ActiveCfg = Release|Any CPU
		{DD8642C3-9D61-473C-9F75-2C0842EFA783}.Release|Any CPU.Build.0 = Release|Any CPU
		{C2087D8C-3A08-4908-B311-49CD2F38F19E}.Debug|Any CPU.ActiveCfg = Debug|Any CPU
		{C2087D8C-3A08-4908-B311-49CD2F38F19E}.Debug|Any CPU.Build.0 = Debug|Any CPU
		{C2087D8C-3A08-4908-B311-49CD2F38F19E}.Release|Any CPU.ActiveCfg = Release|Any CPU
		{C2087D8C-3A08-4908-B311-49CD2F38F19E}.Release|Any CPU.Build.0 = Release|Any CPU
		{8F84599E-3A9D-4691-9DB7-710173D6D2B3}.Debug|Any CPU.ActiveCfg = Debug|Any CPU
		{8F84599E-3A9D-4691-9DB7-710173D6D2B3}.Debug|Any CPU.Build.0 = Debug|Any CPU
		{8F84599E-3A9D-4691-9DB7-710173D6D2B3}.Release|Any CPU.ActiveCfg = Release|Any CPU
		{8F84599E-3A9D-4691-9DB7-710173D6D2B3}.Release|Any CPU.Build.0 = Release|Any CPU
		{C899F733-F0E5-4B77-816B-05429E249E5A}.Debug|Any CPU.ActiveCfg = Debug|Any CPU
		{C899F733-F0E5-4B77-816B-05429E249E5A}.Debug|Any CPU.Build.0 = Debug|Any CPU
		{C899F733-F0E5-4B77-816B-05429E249E5A}.Release|Any CPU.ActiveCfg = Release|Any CPU
		{C899F733-F0E5-4B77-816B-05429E249E5A}.Release|Any CPU.Build.0 = Release|Any CPU
		{76905398-319B-4CF4-8023-7BF44BD3593B}.Debug|Any CPU.ActiveCfg = Debug|Any CPU
		{76905398-319B-4CF4-8023-7BF44BD3593B}.Debug|Any CPU.Build.0 = Debug|Any CPU
		{76905398-319B-4CF4-8023-7BF44BD3593B}.Release|Any CPU.ActiveCfg = Release|Any CPU
		{76905398-319B-4CF4-8023-7BF44BD3593B}.Release|Any CPU.Build.0 = Release|Any CPU
		{747C5F26-4719-41B7-8E77-FC327CF39134}.Debug|Any CPU.ActiveCfg = Debug|Any CPU
		{747C5F26-4719-41B7-8E77-FC327CF39134}.Debug|Any CPU.Build.0 = Debug|Any CPU
		{747C5F26-4719-41B7-8E77-FC327CF39134}.Release|Any CPU.ActiveCfg = Release|Any CPU
		{747C5F26-4719-41B7-8E77-FC327CF39134}.Release|Any CPU.Build.0 = Release|Any CPU
		{6EF24D5A-428B-4C18-B4AE-E0C661B227EC}.Debug|Any CPU.ActiveCfg = Debug|Any CPU
		{6EF24D5A-428B-4C18-B4AE-E0C661B227EC}.Debug|Any CPU.Build.0 = Debug|Any CPU
		{6EF24D5A-428B-4C18-B4AE-E0C661B227EC}.Release|Any CPU.ActiveCfg = Release|Any CPU
		{6EF24D5A-428B-4C18-B4AE-E0C661B227EC}.Release|Any CPU.Build.0 = Release|Any CPU
	EndGlobalSection
	GlobalSection(SolutionProperties) = preSolution
		HideSolutionNode = FALSE
	EndGlobalSection
	GlobalSection(NestedProjects) = preSolution
		{DD8642C3-9D61-473C-9F75-2C0842EFA783} = {2098937C-CCEE-4DC5-A571-427B48DDBA26}
		{C899F733-F0E5-4B77-816B-05429E249E5A} = {2098937C-CCEE-4DC5-A571-427B48DDBA26}
		{747C5F26-4719-41B7-8E77-FC327CF39134} = {2098937C-CCEE-4DC5-A571-427B48DDBA26}
	EndGlobalSection
	GlobalSection(ExtensibilityGlobals) = postSolution
		SolutionGuid = {A2C6CB97-61A7-461A-84B8-7907D4C231DD}
	EndGlobalSection
EndGlobal
